
Microsoft Visual Studio Solution File, Format Version 12.00
# Visual Studio 15
VisualStudioVersion = 15.0.28307.329
MinimumVisualStudioVersion = 10.0.40219.1
Project("{F184B08F-C81C-45F6-A57F-5ABD9991F28F}") = "FRANET.PmS.PDA.Model", "FRANET.PmS.PDA.Model\FRANET.PmS.PDA.Model.vbproj", "{834D88A6-F6F4-4350-A0AC-7DE44B8B0BFB}"
EndProject
Project("{F184B08F-C81C-45F6-A57F-5ABD9991F28F}") = "FRANET.PmS.PDA.Data.EF", "FRANET.PmS.PDA.Data.EF\FRANET.PmS.PDA.Data.EF.vbproj", "{02CAAE23-9143-4BB3-AC8F-5EFD5AC1828F}"
EndProject
Global
	GlobalSection(SolutionConfigurationPlatforms) = preSolution
		Debug|Any CPU = Debug|Any CPU
		Release|Any CPU = Release|Any CPU
	EndGlobalSection
	GlobalSection(ProjectConfigurationPlatforms) = postSolution
		{834D88A6-F6F4-4350-A0AC-7DE44B8B0BFB}.Debug|Any CPU.ActiveCfg = Debug|Any CPU
		{834D88A6-F6F4-4350-A0AC-7DE44B8B0BFB}.Debug|Any CPU.Build.0 = Debug|Any CPU
		{834D88A6-F6F4-4350-A0AC-7DE44B8B0BFB}.Release|Any CPU.ActiveCfg = Release|Any CPU
		{834D88A6-F6F4-4350-A0AC-7DE44B8B0BFB}.Release|Any CPU.Build.0 = Release|Any CPU
		{02CAAE23-9143-4BB3-AC8F-5EFD5AC1828F}.Debug|Any CPU.ActiveCfg = Debug|Any CPU
		{02CAAE23-9143-4BB3-AC8F-5EFD5AC1828F}.Debug|Any CPU.Build.0 = Debug|Any CPU
		{02CAAE23-9143-4BB3-AC8F-5EFD5AC1828F}.Release|Any CPU.ActiveCfg = Release|Any CPU
		{02CAAE23-9143-4BB3-AC8F-5EFD5AC1828F}.Release|Any CPU.Build.0 = Release|Any CPU
	EndGlobalSection
	GlobalSection(SolutionProperties) = preSolution
		HideSolutionNode = FALSE
	EndGlobalSection
	GlobalSection(ExtensibilityGlobals) = postSolution
		SolutionGuid = {4D5ACD30-44C3-4330-830E-3730B788304E}
	EndGlobalSection
EndGlobal
